
Microsoft Visual Studio Solution File, Format Version 12.00
# Visual Studio 15
Project("{FAE04EC0-301F-11D3-BF4B-00C04F79EFBC}") = "CognitiveService.Core", "CognitiveService.Core\CognitiveService.Core.csproj", "{707A1DD9-DF12-4E3C-9E34-E1A060966D52}"
EndProject
Project("{FAE04EC0-301F-11D3-BF4B-00C04F79EFBC}") = "NetCoreConsole", "NetCoreConsole\NetCoreConsole.csproj", "{1F45BC60-2E02-4976-A89D-C373DECE15E8}"
EndProject
Global
	GlobalSection(SolutionConfigurationPlatforms) = preSolution
		Debug|Any CPU = Debug|Any CPU
		Release|Any CPU = Release|Any CPU
	EndGlobalSection
	GlobalSection(ProjectConfigurationPlatforms) = postSolution
		{707A1DD9-DF12-4E3C-9E34-E1A060966D52}.Debug|Any CPU.ActiveCfg = Debug|Any CPU
		{707A1DD9-DF12-4E3C-9E34-E1A060966D52}.Debug|Any CPU.Build.0 = Debug|Any CPU
		{707A1DD9-DF12-4E3C-9E34-E1A060966D52}.Release|Any CPU.ActiveCfg = Release|Any CPU
		{707A1DD9-DF12-4E3C-9E34-E1A060966D52}.Release|Any CPU.Build.0 = Release|Any CPU
		{1F45BC60-2E02-4976-A89D-C373DECE15E8}.Debug|Any CPU.ActiveCfg = Debug|Any CPU
		{1F45BC60-2E02-4976-A89D-C373DECE15E8}.Debug|Any CPU.Build.0 = Debug|Any CPU
		{1F45BC60-2E02-4976-A89D-C373DECE15E8}.Release|Any CPU.ActiveCfg = Release|Any CPU
		{1F45BC60-2E02-4976-A89D-C373DECE15E8}.Release|Any CPU.Build.0 = Release|Any CPU
	EndGlobalSection
EndGlobal
